# THIS IS AN AUTOGENERATED FILE. DO NOT EDIT THIS FILE DIRECTLY.
# yarn lockfile v1


typescript@^4.9.1-beta:
  version "4.9.1-beta"
  resolved "https://registry.yarnpkg.com/typescript/-/typescript-4.9.1-beta.tgz#b5fe1b26f2fe3aeb14790927b25372bebf351c67"
  integrity sha512-D4c0t1+sMOS5Hy8DQsGFfEYUuKzolXhf+7e/N0Td5etBPflEYzVwWLBrbVgHpLpLC53OJQCtxk31+NWO2SBPaA==
